
Microsoft Visual Studio Solution File, Format Version 12.00
# Visual Studio Version 17
VisualStudioVersion = 17.5.33424.131
MinimumVisualStudioVersion = 10.0.40219.1
Project("{FAE04EC0-301F-11D3-BF4B-00C04F79EFBC}") = "Obuv1", "Obuv1\Obuv1.csproj", "{D5A32CBB-9764-4D0B-996D-8330063F42E3}"
EndProject
Global
	GlobalSection(SolutionConfigurationPlatforms) = preSolution
		Debug|Any CPU = Debug|Any CPU
		Release|Any CPU = Release|Any CPU
	EndGlobalSection
	GlobalSection(ProjectConfigurationPlatforms) = postSolution
		{D5A32CBB-9764-4D0B-996D-8330063F42E3}.Debug|Any CPU.ActiveCfg = Debug|Any CPU
		{D5A32CBB-9764-4D0B-996D-8330063F42E3}.Debug|Any CPU.Build.0 = Debug|Any CPU
		{D5A32CBB-9764-4D0B-996D-8330063F42E3}.Release|Any CPU.ActiveCfg = Release|Any CPU
		{D5A32CBB-9764-4D0B-996D-8330063F42E3}.Release|Any CPU.Build.0 = Release|Any CPU
	EndGlobalSection
	GlobalSection(SolutionProperties) = preSolution
		HideSolutionNode = FALSE
	EndGlobalSection
	GlobalSection(ExtensibilityGlobals) = postSolution
		SolutionGuid = {BE043229-2CE3-4256-9E14-4DAA25AF8D92}
	EndGlobalSection
EndGlobal
